
Microsoft Visual Studio Solution File, Format Version 12.00
# Visual Studio Version 16
VisualStudioVersion = 16.0.32228.343
MinimumVisualStudioVersion = 10.0.40219.1
Project("{9A19103F-16F7-4668-BE54-9A1E7A4F7556}") = "Modupekitchen", "Modupekitchen\Modupekitchen.csproj", "{FC21A69C-1E06-4411-8C9E-5AC76232C045}"
EndProject
Global
	GlobalSection(SolutionConfigurationPlatforms) = preSolution
		Debug|Any CPU = Debug|Any CPU
		Release|Any CPU = Release|Any CPU
	EndGlobalSection
	GlobalSection(ProjectConfigurationPlatforms) = postSolution
		{FC21A69C-1E06-4411-8C9E-5AC76232C045}.Debug|Any CPU.ActiveCfg = Debug|Any CPU
		{FC21A69C-1E06-4411-8C9E-5AC76232C045}.Debug|Any CPU.Build.0 = Debug|Any CPU
		{FC21A69C-1E06-4411-8C9E-5AC76232C045}.Release|Any CPU.ActiveCfg = Release|Any CPU
		{FC21A69C-1E06-4411-8C9E-5AC76232C045}.Release|Any CPU.Build.0 = Release|Any CPU
	EndGlobalSection
	GlobalSection(SolutionProperties) = preSolution
		HideSolutionNode = FALSE
	EndGlobalSection
	GlobalSection(ExtensibilityGlobals) = postSolution
		SolutionGuid = {90F5F273-6D0E-44DC-AD02-68430679C150}
	EndGlobalSection
EndGlobal
